Microsoft Visual Studio Solution File, Format Version 12.00
# Visual Studio 2017
Project("{FAE04EC0-301F-11D3-BF4B-00C04F79EFBC}") = "SourceConsole", "..\SourceConsole\SourceConsole.csproj", "{1EA6AB9E-A052-4C8E-B900-5C1C3B71A854}"
EndProject
Project("{D954291E-2A0B-460D-934E-DC6B0785DB48}") = "Vikela", "Vikela\Vikela.shproj", "{CA9B0641-E80F-4CD7-87B2-0B4326037135}"
EndProject
Project("{FAE04EC0-301F-11D3-BF4B-00C04F79EFBC}") = "Vikela.iOS", "iOS\Vikela.iOS.csproj", "{A5124BF4-1B59-4C53-880C-A9F55ED93A64}"
EndProject
Project("{FAE04EC0-301F-11D3-BF4B-00C04F79EFBC}") = "Vikela.Droid", "Droid\Vikela.Droid.csproj", "{E3F85BD5-43CF-414F-9EE8-866D2E4A6E54}"
EndProject
Project("{9344BDBB-3E7F-41FC-A0DD-8665D75EE146}") = "Vikela.Mobile.UnitTests", "Vikela.Mobile.UnitTests\Vikela.Mobile.UnitTests.csproj", "{80A0C39A-F446-41BE-AC7A-5441F05FF012}"
EndProject
Global
	GlobalSection(SolutionConfigurationPlatforms) = preSolution
		Debug|Any CPU = Debug|Any CPU
		Release|Any CPU = Release|Any CPU
		Debug|iPhoneSimulator = Debug|iPhoneSimulator
		Release|iPhone = Release|iPhone
		Release|iPhoneSimulator = Release|iPhoneSimulator
		Debug|iPhone = Debug|iPhone
	EndGlobalSection
	GlobalSection(ProjectConfigurationPlatforms) = postSolution
		{1EA6AB9E-A052-4C8E-B900-5C1C3B71A854}.Debug|Any CPU.ActiveCfg = Debug|Any CPU
		{1EA6AB9E-A052-4C8E-B900-5C1C3B71A854}.Debug|Any CPU.Build.0 = Debug|Any CPU
		{1EA6AB9E-A052-4C8E-B900-5C1C3B71A854}.Release|Any CPU.ActiveCfg = Release|Any CPU
		{1EA6AB9E-A052-4C8E-B900-5C1C3B71A854}.Release|Any CPU.Build.0 = Release|Any CPU
		{1EA6AB9E-A052-4C8E-B900-5C1C3B71A854}.Debug|iPhoneSimulator.ActiveCfg = Debug|Any CPU
		{1EA6AB9E-A052-4C8E-B900-5C1C3B71A854}.Debug|iPhoneSimulator.Build.0 = Debug|Any CPU
		{1EA6AB9E-A052-4C8E-B900-5C1C3B71A854}.Release|iPhone.ActiveCfg = Release|Any CPU
		{1EA6AB9E-A052-4C8E-B900-5C1C3B71A854}.Release|iPhone.Build.0 = Release|Any CPU
		{1EA6AB9E-A052-4C8E-B900-5C1C3B71A854}.Release|iPhoneSimulator.ActiveCfg = Release|Any CPU
		{1EA6AB9E-A052-4C8E-B900-5C1C3B71A854}.Release|iPhoneSimulator.Build.0 = Release|Any CPU
		{1EA6AB9E-A052-4C8E-B900-5C1C3B71A854}.Debug|iPhone.ActiveCfg = Debug|Any CPU
		{1EA6AB9E-A052-4C8E-B900-5C1C3B71A854}.Debug|iPhone.Build.0 = Debug|Any CPU
		{A5124BF4-1B59-4C53-880C-A9F55ED93A64}.Debug|Any CPU.ActiveCfg = Debug|iPhoneSimulator
		{A5124BF4-1B59-4C53-880C-A9F55ED93A64}.Debug|Any CPU.Build.0 = Debug|iPhoneSimulator
		{A5124BF4-1B59-4C53-880C-A9F55ED93A64}.Release|Any CPU.ActiveCfg = Release|iPhone
		{A5124BF4-1B59-4C53-880C-A9F55ED93A64}.Release|Any CPU.Build.0 = Release|iPhone
		{A5124BF4-1B59-4C53-880C-A9F55ED93A64}.Debug|iPhoneSimulator.ActiveCfg = Debug|iPhoneSimulator
		{A5124BF4-1B59-4C53-880C-A9F55ED93A64}.Debug|iPhoneSimulator.Build.0 = Debug|iPhoneSimulator
		{A5124BF4-1B59-4C53-880C-A9F55ED93A64}.Release|iPhone.ActiveCfg = Release|iPhone
		{A5124BF4-1B59-4C53-880C-A9F55ED93A64}.Release|iPhone.Build.0 = Release|iPhone
		{A5124BF4-1B59-4C53-880C-A9F55ED93A64}.Release|iPhoneSimulator.ActiveCfg = Release|iPhoneSimulator
		{A5124BF4-1B59-4C53-880C-A9F55ED93A64}.Release|iPhoneSimulator.Build.0 = Release|iPhoneSimulator
		{A5124BF4-1B59-4C53-880C-A9F55ED93A64}.Debug|iPhone.ActiveCfg = Debug|iPhone
		{A5124BF4-1B59-4C53-880C-A9F55ED93A64}.Debug|iPhone.Build.0 = Debug|iPhone
		{E3F85BD5-43CF-414F-9EE8-866D2E4A6E54}.Debug|Any CPU.ActiveCfg = Debug|Any CPU
		{E3F85BD5-43CF-414F-9EE8-866D2E4A6E54}.Debug|Any CPU.Build.0 = Debug|Any CPU
		{E3F85BD5-43CF-414F-9EE8-866D2E4A6E54}.Release|Any CPU.ActiveCfg = Release|Any CPU
		{E3F85BD5-43CF-414F-9EE8-866D2E4A6E54}.Release|Any CPU.Build.0 = Release|Any CPU
		{E3F85BD5-43CF-414F-9EE8-866D2E4A6E54}.Debug|iPhoneSimulator.ActiveCfg = Debug|Any CPU
		{E3F85BD5-43CF-414F-9EE8-866D2E4A6E54}.Debug|iPhoneSimulator.Build.0 = Debug|Any CPU
		{E3F85BD5-43CF-414F-9EE8-866D2E4A6E54}.Release|iPhone.ActiveCfg = Release|Any CPU
		{E3F85BD5-43CF-414F-9EE8-866D2E4A6E54}.Release|iPhone.Build.0 = Release|Any CPU
		{E3F85BD5-43CF-414F-9EE8-866D2E4A6E54}.Release|iPhoneSimulator.ActiveCfg = Release|Any CPU
		{E3F85BD5-43CF-414F-9EE8-866D2E4A6E54}.Release|iPhoneSimulator.Build.0 = Release|Any CPU
		{E3F85BD5-43CF-414F-9EE8-866D2E4A6E54}.Debug|iPhone.ActiveCfg = Debug|Any CPU
		{E3F85BD5-43CF-414F-9EE8-866D2E4A6E54}.Debug|iPhone.Build.0 = Debug|Any CPU
		{80A0C39A-F446-41BE-AC7A-5441F05FF012}.Debug|Any CPU.ActiveCfg = Debug|Any CPU
		{80A0C39A-F446-41BE-AC7A-5441F05FF012}.Debug|Any CPU.Build.0 = Debug|Any CPU
		{80A0C39A-F446-41BE-AC7A-5441F05FF012}.Release|Any CPU.ActiveCfg = Release|Any CPU
		{80A0C39A-F446-41BE-AC7A-5441F05FF012}.Release|Any CPU.Build.0 = Release|Any CPU
		{80A0C39A-F446-41BE-AC7A-5441F05FF012}.Debug|iPhoneSimulator.ActiveCfg = Debug|Any CPU
		{80A0C39A-F446-41BE-AC7A-5441F05FF012}.Debug|iPhoneSimulator.Build.0 = Debug|Any CPU
		{80A0C39A-F446-41BE-AC7A-5441F05FF012}.Release|iPhone.ActiveCfg = Release|Any CPU
		{80A0C39A-F446-41BE-AC7A-5441F05FF012}.Release|iPhone.Build.0 = Release|Any CPU
		{80A0C39A-F446-41BE-AC7A-5441F05FF012}.Release|iPhoneSimulator.ActiveCfg = Release|Any CPU
		{80A0C39A-F446-41BE-AC7A-5441F05FF012}.Release|iPhoneSimulator.Build.0 = Release|Any CPU
		{80A0C39A-F446-41BE-AC7A-5441F05FF012}.Debug|iPhone.ActiveCfg = Debug|Any CPU
		{80A0C39A-F446-41BE-AC7A-5441F05FF012}.Debug|iPhone.Build.0 = Debug|Any CPU
	EndGlobalSection
EndGlobal
